
Microsoft Visual Studio Solution File, Format Version 12.00
# Visual Studio Version 16
VisualStudioVersion = 16.0.29911.84
MinimumVisualStudioVersion = 10.0.40219.1
Project("{9A19103F-16F7-4668-BE54-9A1E7A4F7556}") = "UAS_PemrogramanLanjut_2814", "UAS_PemrogramanLanjut_2814.csproj", "{C6AF3477-6C40-4338-9F74-F0403B52660D}"
EndProject
Global
	GlobalSection(SolutionConfigurationPlatforms) = preSolution
		Debug|Any CPU = Debug|Any CPU
		Release|Any CPU = Release|Any CPU
	EndGlobalSection
	GlobalSection(ProjectConfigurationPlatforms) = postSolution
		{C6AF3477-6C40-4338-9F74-F0403B52660D}.Debug|Any CPU.ActiveCfg = Debug|Any CPU
		{C6AF3477-6C40-4338-9F74-F0403B52660D}.Debug|Any CPU.Build.0 = Debug|Any CPU
		{C6AF3477-6C40-4338-9F74-F0403B52660D}.Release|Any CPU.ActiveCfg = Release|Any CPU
		{C6AF3477-6C40-4338-9F74-F0403B52660D}.Release|Any CPU.Build.0 = Release|Any CPU
	EndGlobalSection
	GlobalSection(SolutionProperties) = preSolution
		HideSolutionNode = FALSE
	EndGlobalSection
	GlobalSection(ExtensibilityGlobals) = postSolution
		SolutionGuid = {6737462F-4189-4C75-8F71-CF35596615FB}
	EndGlobalSection
EndGlobal
